// !$*UTF8*$!
{
	archiveVersion = 1;
	classes = {
	};
	objectVersion = 56;
	objects = {

/* Begin PBXBuildFile section */
		E60C87162AD4E27C00FFEAEA /* NavigationButtonView.swift in Sources */ = {isa = PBXBuildFile; fileRef = E60C87152AD4E27C00FFEAEA /* NavigationButtonView.swift */; };
		E60C87182AD4E4B000FFEAEA /* LogoView.swift in Sources */ = {isa = PBXBuildFile; fileRef = E60C87172AD4E4B000FFEAEA /* LogoView.swift */; };
		E60C871A2AD4EBD300FFEAEA /* PlayerModel.swift in Sources */ = {isa = PBXBuildFile; fileRef = E60C87192AD4EBD300FFEAEA /* PlayerModel.swift */; };
		E60C871C2AD4EC1400FFEAEA /* CodableBundle+Extension.swift in Sources */ = {isa = PBXBuildFile; fileRef = E60C871B2AD4EC1400FFEAEA /* CodableBundle+Extension.swift */; };
		E60C871E2AD4ED1800FFEAEA /* FeaturedItemView.swift in Sources */ = {isa = PBXBuildFile; fileRef = E60C871D2AD4ED1700FFEAEA /* FeaturedItemView.swift */; };
		E60C87202AD4EE5D00FFEAEA /* FeaturedTabView.swift in Sources */ = {isa = PBXBuildFile; fileRef = E60C871F2AD4EE5D00FFEAEA /* FeaturedTabView.swift */; };
		E61D3B382AA4933000396588 /* TouchdownApp.swift in Sources */ = {isa = PBXBuildFile; fileRef = E61D3B372AA4933000396588 /* TouchdownApp.swift */; };
		E61D3B3A2AA4933000396588 /* ContentView.swift in Sources */ = {isa = PBXBuildFile; fileRef = E61D3B392AA4933000396588 /* ContentView.swift */; };
		E61D3B3C2AA4933200396588 /* Assets.xcassets in Resources */ = {isa = PBXBuildFile; fileRef = E61D3B3B2AA4933200396588 /* Assets.xcassets */; };
		E61D3B3F2AA4933200396588 /* Preview Assets.xcassets in Resources */ = {isa = PBXBuildFile; fileRef = E61D3B3E2AA4933200396588 /* Preview Assets.xcassets */; };
		E6802BAE2E125F8000A177B5 /* CategoryModel.swift in Sources */ = {isa = PBXBuildFile; fileRef = E6802BAD2E125F7B00A177B5 /* CategoryModel.swift */; };
		E6802BB32E1261C300A177B5 /* CategoryItemView.swift in Sources */ = {isa = PBXBuildFile; fileRef = E6802BB22E1261C300A177B5 /* CategoryItemView.swift */; };
		E6802BB52E1264A500A177B5 /* CategoryGridView.swift in Sources */ = {isa = PBXBuildFile; fileRef = E6802BB42E1264A500A177B5 /* CategoryGridView.swift */; };
		E6802BB72E1267D400A177B5 /* SectionView.swift in Sources */ = {isa = PBXBuildFile; fileRef = E6802BB62E1267CF00A177B5 /* SectionView.swift */; };
		E6802BBA2E126D0000A177B5 /* TitleView.swift in Sources */ = {isa = PBXBuildFile; fileRef = E6802BB92E126D0000A177B5 /* TitleView.swift */; };
		E6802BBC2E126E4500A177B5 /* ProductModel.swift in Sources */ = {isa = PBXBuildFile; fileRef = E6802BBB2E126E4000A177B5 /* ProductModel.swift */; };
		E6802BBE2E126F0A00A177B5 /* ProductItemView.swift in Sources */ = {isa = PBXBuildFile; fileRef = E6802BBD2E126F0300A177B5 /* ProductItemView.swift */; };
		E6802BC02E127AA100A177B5 /* BrandModel.swift in Sources */ = {isa = PBXBuildFile; fileRef = E6802BBF2E127A9D00A177B5 /* BrandModel.swift */; };
		E6802BC22E127C7E00A177B5 /* BrandItemView.swift in Sources */ = {isa = PBXBuildFile; fileRef = E6802BC12E127C7400A177B5 /* BrandItemView.swift */; };
		E6802BC42E127D3200A177B5 /* BrandGridView.swift in Sources */ = {isa = PBXBuildFile; fileRef = E6802BC32E127D2B00A177B5 /* BrandGridView.swift */; };
		E6B180FF2AD462AD0068245E /* brand.json in Resources */ = {isa = PBXBuildFile; fileRef = E6B180FB2AD462AD0068245E /* brand.json */; };
		E6B181002AD462AD0068245E /* player.json in Resources */ = {isa = PBXBuildFile; fileRef = E6B180FC2AD462AD0068245E /* player.json */; };
		E6B181012AD462AD0068245E /* category.json in Resources */ = {isa = PBXBuildFile; fileRef = E6B180FD2AD462AD0068245E /* category.json */; };
		E6B181022AD462AD0068245E /* product.json in Resources */ = {isa = PBXBuildFile; fileRef = E6B180FE2AD462AD0068245E /* product.json */; };
		E6B1810C2AD464FB0068245E /* Constant.swift in Sources */ = {isa = PBXBuildFile; fileRef = E6B1810B2AD464FB0068245E /* Constant.swift */; };
		E6B1810E2AD465880068245E /* FooterView.swift in Sources */ = {isa = PBXBuildFile; fileRef = E6B1810D2AD465880068245E /* FooterView.swift */; };
/* End PBXBuildFile section */

/* Begin PBXFileReference section */
		E60C87152AD4E27C00FFEAEA /* NavigationButtonView.swift */ = {isa = PBXFileReference; lastKnownFileType = sourcecode.swift; path = NavigationButtonView.swift; sourceTree = "<group>"; };
		E60C87172AD4E4B000FFEAEA /* LogoView.swift */ = {isa = PBXFileReference; lastKnownFileType = sourcecode.swift; path = LogoView.swift; sourceTree = "<group>"; };
		E60C87192AD4EBD300FFEAEA /* PlayerModel.swift */ = {isa = PBXFileReference; lastKnownFileType = sourcecode.swift; path = PlayerModel.swift; sourceTree = "<group>"; };
		E60C871B2AD4EC1400FFEAEA /* CodableBundle+Extension.swift */ = {isa = PBXFileReference; lastKnownFileType = sourcecode.swift; path = "CodableBundle+Extension.swift"; sourceTree = "<group>"; };
		E60C871D2AD4ED1700FFEAEA /* FeaturedItemView.swift */ = {isa = PBXFileReference; lastKnownFileType = sourcecode.swift; path = FeaturedItemView.swift; sourceTree = "<group>"; };
		E60C871F2AD4EE5D00FFEAEA /* FeaturedTabView.swift */ = {isa = PBXFileReference; lastKnownFileType = sourcecode.swift; path = FeaturedTabView.swift; sourceTree = "<group>"; };
		E61D3B342AA4933000396588 /* Touchdown.app */ = {isa = PBXFileReference; explicitFileType = wrapper.application; includeInIndex = 0; path = Touchdown.app; sourceTree = BUILT_PRODUCTS_DIR; };
		E61D3B372AA4933000396588 /* TouchdownApp.swift */ = {isa = PBXFileReference; lastKnownFileType = sourcecode.swift; path = TouchdownApp.swift; sourceTree = "<group>"; };
		E61D3B392AA4933000396588 /* ContentView.swift */ = {isa = PBXFileReference; lastKnownFileType = sourcecode.swift; path = ContentView.swift; sourceTree = "<group>"; };
		E61D3B3B2AA4933200396588 /* Assets.xcassets */ = {isa = PBXFileReference; lastKnownFileType = folder.assetcatalog; path = Assets.xcassets; sourceTree = "<group>"; };
		E61D3B3E2AA4933200396588 /* Preview Assets.xcassets */ = {isa = PBXFileReference; lastKnownFileType = folder.assetcatalog; path = "Preview Assets.xcassets"; sourceTree = "<group>"; };
		E6802BAD2E125F7B00A177B5 /* CategoryModel.swift */ = {isa = PBXFileReference; lastKnownFileType = sourcecode.swift; path = CategoryModel.swift; sourceTree = "<group>"; };
		E6802BB22E1261C300A177B5 /* CategoryItemView.swift */ = {isa = PBXFileReference; lastKnownFileType = sourcecode.swift; path = CategoryItemView.swift; sourceTree = "<group>"; };
		E6802BB42E1264A500A177B5 /* CategoryGridView.swift */ = {isa = PBXFileReference; lastKnownFileType = sourcecode.swift; path = CategoryGridView.swift; sourceTree = "<group>"; };
		E6802BB62E1267CF00A177B5 /* SectionView.swift */ = {isa = PBXFileReference; lastKnownFileType = sourcecode.swift; path = SectionView.swift; sourceTree = "<group>"; };
		E6802BB92E126D0000A177B5 /* TitleView.swift */ = {isa = PBXFileReference; lastKnownFileType = sourcecode.swift; path = TitleView.swift; sourceTree = "<group>"; };
		E6802BBB2E126E4000A177B5 /* ProductModel.swift */ = {isa = PBXFileReference; lastKnownFileType = sourcecode.swift; path = ProductModel.swift; sourceTree = "<group>"; };
		E6802BBD2E126F0300A177B5 /* ProductItemView.swift */ = {isa = PBXFileReference; lastKnownFileType = sourcecode.swift; path = ProductItemView.swift; sourceTree = "<group>"; };
		E6802BBF2E127A9D00A177B5 /* BrandModel.swift */ = {isa = PBXFileReference; lastKnownFileType = sourcecode.swift; path = BrandModel.swift; sourceTree = "<group>"; };
		E6802BC12E127C7400A177B5 /* BrandItemView.swift */ = {isa = PBXFileReference; lastKnownFileType = sourcecode.swift; path = BrandItemView.swift; sourceTree = "<group>"; };
		E6802BC32E127D2B00A177B5 /* BrandGridView.swift */ = {isa = PBXFileReference; lastKnownFileType = sourcecode.swift; path = BrandGridView.swift; sourceTree = "<group>"; };
		E6B180FB2AD462AD0068245E /* brand.json */ = {isa = PBXFileReference; fileEncoding = 4; lastKnownFileType = text.json; path = brand.json; sourceTree = "<group>"; };
		E6B180FC2AD462AD0068245E /* player.json */ = {isa = PBXFileReference; fileEncoding = 4; lastKnownFileType = text.json; path = player.json; sourceTree = "<group>"; };
		E6B180FD2AD462AD0068245E /* category.json */ = {isa = PBXFileReference; fileEncoding = 4; lastKnownFileType = text.json; path = category.json; sourceTree = "<group>"; };
		E6B180FE2AD462AD0068245E /* product.json */ = {isa = PBXFileReference; fileEncoding = 4; lastKnownFileType = text.json; path = product.json; sourceTree = "<group>"; };
		E6B181032AD463230068245E /* Info.plist */ = {isa = PBXFileReference; lastKnownFileType = text.plist; path = Info.plist; sourceTree = "<group>"; };
		E6B1810B2AD464FB0068245E /* Constant.swift */ = {isa = PBXFileReference; lastKnownFileType = sourcecode.swift; path = Constant.swift; sourceTree = "<group>"; };
		E6B1810D2AD465880068245E /* FooterView.swift */ = {isa = PBXFileReference; lastKnownFileType = sourcecode.swift; path = FooterView.swift; sourceTree = "<group>"; };
/* End PBXFileReference section */

/* Begin PBXFrameworksBuildPhase section */
		E61D3B312AA4933000396588 /* Frameworks */ = {
			isa = PBXFrameworksBuildPhase;
			buildActionMask = 2147483647;
			files = (
			);
			runOnlyForDeploymentPostprocessing = 0;
		};
/* End PBXFrameworksBuildPhase section */

/* Begin PBXGroup section */
		E61D3B2B2AA4933000396588 = {
			isa = PBXGroup;
			children = (
				E61D3B362AA4933000396588 /* Touchdown */,
				E61D3B352AA4933000396588 /* Products */,
			);
			indentWidth = 2;
			sourceTree = "<group>";
			tabWidth = 2;
		};
		E61D3B352AA4933000396588 /* Products */ = {
			isa = PBXGroup;
			children = (
				E61D3B342AA4933000396588 /* Touchdown.app */,
			);
			name = Products;
			sourceTree = "<group>";
		};
		E61D3B362AA4933000396588 /* Touchdown */ = {
			isa = PBXGroup;
			children = (
				E6B181042AD463D20068245E /* App */,
				E6B181052AD463DD0068245E /* View */,
				E6B180FA2AD462AD0068245E /* Data */,
				E6B181062AD463E80068245E /* Model */,
				E6B181072AD463EF0068245E /* Extension */,
				E6B1810A2AD464300068245E /* Utility */,
				E6B181032AD463230068245E /* Info.plist */,
				E61D3B3B2AA4933200396588 /* Assets.xcassets */,
				E61D3B3D2AA4933200396588 /* Preview Content */,
			);
			path = Touchdown;
			sourceTree = "<group>";
		};
		E61D3B3D2AA4933200396588 /* Preview Content */ = {
			isa = PBXGroup;
			children = (
				E61D3B3E2AA4933200396588 /* Preview Assets.xcassets */,
			);
			path = "Preview Content";
			sourceTree = "<group>";
		};
		E6B180FA2AD462AD0068245E /* Data */ = {
			isa = PBXGroup;
			children = (
				E6B180FB2AD462AD0068245E /* brand.json */,
				E6B180FC2AD462AD0068245E /* player.json */,
				E6B180FD2AD462AD0068245E /* category.json */,
				E6B180FE2AD462AD0068245E /* product.json */,
			);
			path = Data;
			sourceTree = "<group>";
		};
		E6B181042AD463D20068245E /* App */ = {
			isa = PBXGroup;
			children = (
				E61D3B372AA4933000396588 /* TouchdownApp.swift */,
				E61D3B392AA4933000396588 /* ContentView.swift */,
			);
			path = App;
			sourceTree = "<group>";
		};
		E6B181052AD463DD0068245E /* View */ = {
			isa = PBXGroup;
			children = (
				E6B181092AD464050068245E /* Home */,
				E6B181082AD463FF0068245E /* Detail */,
			);
			path = View;
			sourceTree = "<group>";
		};
		E6B181062AD463E80068245E /* Model */ = {
			isa = PBXGroup;
			children = (
				E6802BBF2E127A9D00A177B5 /* BrandModel.swift */,
				E6802BBB2E126E4000A177B5 /* ProductModel.swift */,
				E6802BAD2E125F7B00A177B5 /* CategoryModel.swift */,
				E60C87192AD4EBD300FFEAEA /* PlayerModel.swift */,
			);
			path = Model;
			sourceTree = "<group>";
		};
		E6B181072AD463EF0068245E /* Extension */ = {
			isa = PBXGroup;
			children = (
				E60C871B2AD4EC1400FFEAEA /* CodableBundle+Extension.swift */,
			);
			path = Extension;
			sourceTree = "<group>";
		};
		E6B181082AD463FF0068245E /* Detail */ = {
			isa = PBXGroup;
			children = (
			);
			path = Detail;
			sourceTree = "<group>";
		};
		E6B181092AD464050068245E /* Home */ = {
			isa = PBXGroup;
			children = (
				E6802BC32E127D2B00A177B5 /* BrandGridView.swift */,
				E6802BC12E127C7400A177B5 /* BrandItemView.swift */,
				E6802BBD2E126F0300A177B5 /* ProductItemView.swift */,
				E6802BB62E1267CF00A177B5 /* SectionView.swift */,
				E6B1810D2AD465880068245E /* FooterView.swift */,
				E60C87152AD4E27C00FFEAEA /* NavigationButtonView.swift */,
				E60C87172AD4E4B000FFEAEA /* LogoView.swift */,
				E60C871D2AD4ED1700FFEAEA /* FeaturedItemView.swift */,
				E60C871F2AD4EE5D00FFEAEA /* FeaturedTabView.swift */,
				E6802BB22E1261C300A177B5 /* CategoryItemView.swift */,
				E6802BB42E1264A500A177B5 /* CategoryGridView.swift */,
				E6802BB92E126D0000A177B5 /* TitleView.swift */,
			);
			path = Home;
			sourceTree = "<group>";
		};
		E6B1810A2AD464300068245E /* Utility */ = {
			isa = PBXGroup;
			children = (
				E6B1810B2AD464FB0068245E /* Constant.swift */,
			);
			path = Utility;
			sourceTree = "<group>";
		};
/* End PBXGroup section */

/* Begin PBXNativeTarget section */
		E61D3B332AA4933000396588 /* Touchdown */ = {
			isa = PBXNativeTarget;
			buildConfigurationList = E61D3B422AA4933200396588 /* Build configuration list for PBXNativeTarget "Touchdown" */;
			buildPhases = (
				E61D3B302AA4933000396588 /* Sources */,
				E61D3B312AA4933000396588 /* Frameworks */,
				E61D3B322AA4933000396588 /* Resources */,
			);
			buildRules = (
			);
			dependencies = (
			);
			name = Touchdown;
			productName = Touchdown;
			productReference = E61D3B342AA4933000396588 /* Touchdown.app */;
			productType = "com.apple.product-type.application";
		};
/* End PBXNativeTarget section */

/* Begin PBXProject section */
		E61D3B2C2AA4933000396588 /* Project object */ = {
			isa = PBXProject;
			attributes = {
				BuildIndependentTargetsInParallel = 1;
				LastSwiftUpdateCheck = 1430;
				LastUpgradeCheck = 1430;
				TargetAttributes = {
					E61D3B332AA4933000396588 = {
						CreatedOnToolsVersion = 14.3.1;
					};
				};
			};
			buildConfigurationList = E61D3B2F2AA4933000396588 /* Build configuration list for PBXProject "Touchdown" */;
			compatibilityVersion = "Xcode 14.0";
			developmentRegion = en;
			hasScannedForEncodings = 0;
			knownRegions = (
				en,
				Base,
			);
			mainGroup = E61D3B2B2AA4933000396588;
			productRefGroup = E61D3B352AA4933000396588 /* Products */;
			projectDirPath = "";
			projectRoot = "";
			targets = (
				E61D3B332AA4933000396588 /* Touchdown */,
			);
		};
/* End PBXProject section */

/* Begin PBXResourcesBuildPhase section */
		E61D3B322AA4933000396588 /* Resources */ = {
			isa = PBXResourcesBuildPhase;
			buildActionMask = 2147483647;
			files = (
				E6B181002AD462AD0068245E /* player.json in Resources */,
				E61D3B3F2AA4933200396588 /* Preview Assets.xcassets in Resources */,
				E6B181012AD462AD0068245E /* category.json in Resources */,
				E61D3B3C2AA4933200396588 /* Assets.xcassets in Resources */,
				E6B180FF2AD462AD0068245E /* brand.json in Resources */,
				E6B181022AD462AD0068245E /* product.json in Resources */,
			);
			runOnlyForDeploymentPostprocessing = 0;
		};
/* End PBXResourcesBuildPhase section */

/* Begin PBXSourcesBuildPhase section */
		E61D3B302AA4933000396588 /* Sources */ = {
			isa = PBXSourcesBuildPhase;
			buildActionMask = 2147483647;
			files = (
				E6802BC02E127AA100A177B5 /* BrandModel.swift in Sources */,
				E60C87162AD4E27C00FFEAEA /* NavigationButtonView.swift in Sources */,
				E60C87182AD4E4B000FFEAEA /* LogoView.swift in Sources */,
				E61D3B3A2AA4933000396588 /* ContentView.swift in Sources */,
				E61D3B382AA4933000396588 /* TouchdownApp.swift in Sources */,
				E60C871E2AD4ED1800FFEAEA /* FeaturedItemView.swift in Sources */,
				E6802BC42E127D3200A177B5 /* BrandGridView.swift in Sources */,
				E6802BBE2E126F0A00A177B5 /* ProductItemView.swift in Sources */,
				E60C871C2AD4EC1400FFEAEA /* CodableBundle+Extension.swift in Sources */,
				E6B1810E2AD465880068245E /* FooterView.swift in Sources */,
				E6802BB52E1264A500A177B5 /* CategoryGridView.swift in Sources */,
				E6802BAE2E125F8000A177B5 /* CategoryModel.swift in Sources */,
				E6B1810C2AD464FB0068245E /* Constant.swift in Sources */,
				E6802BC22E127C7E00A177B5 /* BrandItemView.swift in Sources */,
				E6802BB72E1267D400A177B5 /* SectionView.swift in Sources */,
				E6802BB32E1261C300A177B5 /* CategoryItemView.swift in Sources */,
				E60C87202AD4EE5D00FFEAEA /* FeaturedTabView.swift in Sources */,
				E60C871A2AD4EBD300FFEAEA /* PlayerModel.swift in Sources */,
				E6802BBA2E126D0000A177B5 /* TitleView.swift in Sources */,
				E6802BBC2E126E4500A177B5 /* ProductModel.swift in Sources */,
			);
			runOnlyForDeploymentPostprocessing = 0;
		};
/* End PBXSourcesBuildPhase section */

/* Begin XCBuildConfiguration section */
		E61D3B402AA4933200396588 /* Debug */ = {
			isa = XCBuildConfiguration;
			buildSettings = {
				ALWAYS_SEARCH_USER_PATHS = NO;
				CLANG_ANALYZER_NONNULL = YES;
				CLANG_ANALYZER_NUMBER_OBJECT_CONVERSION = YES_AGGRESSIVE;
				CLANG_CXX_LANGUAGE_STANDARD = "gnu++20";
				CLANG_ENABLE_MODULES = YES;
				CLANG_ENABLE_OBJC_ARC = YES;
				CLANG_ENABLE_OBJC_WEAK = YES;
				CLANG_WARN_BLOCK_CAPTURE_AUTORELEASING = YES;
				CLANG_WARN_BOOL_CONVERSION = YES;
				CLANG_WARN_COMMA = YES;
				CLANG_WARN_CONSTANT_CONVERSION = YES;
				CLANG_WARN_DEPRECATED_OBJC_IMPLEMENTATIONS = YES;
				CLANG_WARN_DIRECT_OBJC_ISA_USAGE = YES_ERROR;
				CLANG_WARN_DOCUMENTATION_COMMENTS = YES;
				CLANG_WARN_EMPTY_BODY = YES;
				CLANG_WARN_ENUM_CONVERSION = YES;
				CLANG_WARN_INFINITE_RECURSION = YES;
				CLANG_WARN_INT_CONVERSION = YES;
				CLANG_WARN_NON_LITERAL_NULL_CONVERSION = YES;
				CLANG_WARN_OBJC_IMPLICIT_RETAIN_SELF = YES;
				CLANG_WARN_OBJC_LITERAL_CONVERSION = YES;
				CLANG_WARN_OBJC_ROOT_CLASS = YES_ERROR;
				CLANG_WARN_QUOTED_INCLUDE_IN_FRAMEWORK_HEADER = YES;
				CLANG_WARN_RANGE_LOOP_ANALYSIS = YES;
				CLANG_WARN_STRICT_PROTOTYPES = YES;
				CLANG_WARN_SUSPICIOUS_MOVE = YES;
				CLANG_WARN_UNGUARDED_AVAILABILITY = YES_AGGRESSIVE;
				CLANG_WARN_UNREACHABLE_CODE = YES;
				CLANG_WARN__DUPLICATE_METHOD_MATCH = YES;
				COPY_PHASE_STRIP = NO;
				DEBUG_INFORMATION_FORMAT = dwarf;
				ENABLE_STRICT_OBJC_MSGSEND = YES;
				ENABLE_TESTABILITY = YES;
				GCC_C_LANGUAGE_STANDARD = gnu11;
				GCC_DYNAMIC_NO_PIC = NO;
				GCC_NO_COMMON_BLOCKS = YES;
				GCC_OPTIMIZATION_LEVEL = 0;
				GCC_PREPROCESSOR_DEFINITIONS = (
					"DEBUG=1",
					"$(inherited)",
				);
				GCC_WARN_64_TO_32_BIT_CONVERSION = YES;
				GCC_WARN_ABOUT_RETURN_TYPE = YES_ERROR;
				GCC_WARN_UNDECLARED_SELECTOR = YES;
				GCC_WARN_UNINITIALIZED_AUTOS = YES_AGGRESSIVE;
				GCC_WARN_UNUSED_FUNCTION = YES;
				GCC_WARN_UNUSED_VARIABLE = YES;
				IPHONEOS_DEPLOYMENT_TARGET = 16.4;
				MTL_ENABLE_DEBUG_INFO = INCLUDE_SOURCE;
				MTL_FAST_MATH = YES;
				ONLY_ACTIVE_ARCH = YES;
				SDKROOT = iphoneos;
				SWIFT_ACTIVE_COMPILATION_CONDITIONS = DEBUG;
				SWIFT_OPTIMIZATION_LEVEL = "-Onone";
			};
			name = Debug;
		};
		E61D3B412AA4933200396588 /* Release */ = {
			isa = XCBuildConfiguration;
			buildSettings = {
				ALWAYS_SEARCH_USER_PATHS = NO;
				CLANG_ANALYZER_NONNULL = YES;
				CLANG_ANALYZER_NUMBER_OBJECT_CONVERSION = YES_AGGRESSIVE;
				CLANG_CXX_LANGUAGE_STANDARD = "gnu++20";
				CLANG_ENABLE_MODULES = YES;
				CLANG_ENABLE_OBJC_ARC = YES;
				CLANG_ENABLE_OBJC_WEAK = YES;
				CLANG_WARN_BLOCK_CAPTURE_AUTORELEASING = YES;
				CLANG_WARN_BOOL_CONVERSION = YES;
				CLANG_WARN_COMMA = YES;
				CLANG_WARN_CONSTANT_CONVERSION = YES;
				CLANG_WARN_DEPRECATED_OBJC_IMPLEMENTATIONS = YES;
				CLANG_WARN_DIRECT_OBJC_ISA_USAGE = YES_ERROR;
				CLANG_WARN_DOCUMENTATION_COMMENTS = YES;
				CLANG_WARN_EMPTY_BODY = YES;
				CLANG_WARN_ENUM_CONVERSION = YES;
				CLANG_WARN_INFINITE_RECURSION = YES;
				CLANG_WARN_INT_CONVERSION = YES;
				CLANG_WARN_NON_LITERAL_NULL_CONVERSION = YES;
				CLANG_WARN_OBJC_IMPLICIT_RETAIN_SELF = YES;
				CLANG_WARN_OBJC_LITERAL_CONVERSION = YES;
				CLANG_WARN_OBJC_ROOT_CLASS = YES_ERROR;
				CLANG_WARN_QUOTED_INCLUDE_IN_FRAMEWORK_HEADER = YES;
				CLANG_WARN_RANGE_LOOP_ANALYSIS = YES;
				CLANG_WARN_STRICT_PROTOTYPES = YES;
				CLANG_WARN_SUSPICIOUS_MOVE = YES;
				CLANG_WARN_UNGUARDED_AVAILABILITY = YES_AGGRESSIVE;
				CLANG_WARN_UNREACHABLE_CODE = YES;
				CLANG_WARN__DUPLICATE_METHOD_MATCH = YES;
				COPY_PHASE_STRIP = NO;
				DEBUG_INFORMATION_FORMAT = "dwarf-with-dsym";
				ENABLE_NS_ASSERTIONS = NO;
				ENABLE_STRICT_OBJC_MSGSEND = YES;
				GCC_C_LANGUAGE_STANDARD = gnu11;
				GCC_NO_COMMON_BLOCKS = YES;
				GCC_WARN_64_TO_32_BIT_CONVERSION = YES;
				GCC_WARN_ABOUT_RETURN_TYPE = YES_ERROR;
				GCC_WARN_UNDECLARED_SELECTOR = YES;
				GCC_WARN_UNINITIALIZED_AUTOS = YES_AGGRESSIVE;
				GCC_WARN_UNUSED_FUNCTION = YES;
				GCC_WARN_UNUSED_VARIABLE = YES;
				IPHONEOS_DEPLOYMENT_TARGET = 16.4;
				MTL_ENABLE_DEBUG_INFO = NO;
				MTL_FAST_MATH = YES;
				SDKROOT = iphoneos;
				SWIFT_COMPILATION_MODE = wholemodule;
				SWIFT_OPTIMIZATION_LEVEL = "-O";
				VALIDATE_PRODUCT = YES;
			};
			name = Release;
		};
		E61D3B432AA4933200396588 /* Debug */ = {
			isa = XCBuildConfiguration;
			buildSettings = {
				ASSETCATALOG_COMPILER_APPICON_NAME = AppIcon;
				ASSETCATALOG_COMPILER_GLOBAL_ACCENT_COLOR_NAME = AccentColor;
				CODE_SIGN_STYLE = Automatic;
				CURRENT_PROJECT_VERSION = 1;
				DEVELOPMENT_ASSET_PATHS = "\"Touchdown/Preview Content\"";
				DEVELOPMENT_TEAM = W6NYRRRG5Q;
				ENABLE_PREVIEWS = YES;
				GENERATE_INFOPLIST_FILE = YES;
				INFOPLIST_FILE = Touchdown/Info.plist;
				INFOPLIST_KEY_UIApplicationSceneManifest_Generation = YES;
				INFOPLIST_KEY_UIApplicationSupportsIndirectInputEvents = YES;
				INFOPLIST_KEY_UISupportedInterfaceOrientations = UIInterfaceOrientationPortrait;
				INFOPLIST_KEY_UISupportedInterfaceOrientations_iPad = "UIInterfaceOrientationLandscapeLeft UIInterfaceOrientationLandscapeRight UIInterfaceOrientationPortrait UIInterfaceOrientationPortraitUpsideDown";
				INFOPLIST_KEY_UIUserInterfaceStyle = Light;
				LD_RUNPATH_SEARCH_PATHS = (
					"$(inherited)",
					"@executable_path/Frameworks",
				);
				MARKETING_VERSION = 1.0;
				PRODUCT_BUNDLE_IDENTIFIER = com.dhikadityre.Touchdown;
				PRODUCT_NAME = "$(TARGET_NAME)";
				SWIFT_EMIT_LOC_STRINGS = YES;
				SWIFT_VERSION = 5.0;
				TARGETED_DEVICE_FAMILY = "1,2";
			};
			name = Debug;
		};
		E61D3B442AA4933200396588 /* Release */ = {
			isa = XCBuildConfiguration;
			buildSettings = {
				ASSETCATALOG_COMPILER_APPICON_NAME = AppIcon;
				ASSETCATALOG_COMPILER_GLOBAL_ACCENT_COLOR_NAME = AccentColor;
				CODE_SIGN_STYLE = Automatic;
				CURRENT_PROJECT_VERSION = 1;
				DEVELOPMENT_ASSET_PATHS = "\"Touchdown/Preview Content\"";
				DEVELOPMENT_TEAM = W6NYRRRG5Q;
				ENABLE_PREVIEWS = YES;
				GENERATE_INFOPLIST_FILE = YES;
				INFOPLIST_FILE = Touchdown/Info.plist;
				INFOPLIST_KEY_UIApplicationSceneManifest_Generation = YES;
				INFOPLIST_KEY_UIApplicationSupportsIndirectInputEvents = YES;
				INFOPLIST_KEY_UISupportedInterfaceOrientations = UIInterfaceOrientationPortrait;
				INFOPLIST_KEY_UISupportedInterfaceOrientations_iPad = "UIInterfaceOrientationLandscapeLeft UIInterfaceOrientationLandscapeRight UIInterfaceOrientationPortrait UIInterfaceOrientationPortraitUpsideDown";
				INFOPLIST_KEY_UIUserInterfaceStyle = Light;
				LD_RUNPATH_SEARCH_PATHS = (
					"$(inherited)",
					"@executable_path/Frameworks",
				);
				MARKETING_VERSION = 1.0;
				PRODUCT_BUNDLE_IDENTIFIER = com.dhikadityre.Touchdown;
				PRODUCT_NAME = "$(TARGET_NAME)";
				SWIFT_EMIT_LOC_STRINGS = YES;
				SWIFT_VERSION = 5.0;
				TARGETED_DEVICE_FAMILY = "1,2";
			};
			name = Release;
		};
/* End XCBuildConfiguration section */

/* Begin XCConfigurationList section */
		E61D3B2F2AA4933000396588 /* Build configuration list for PBXProject "Touchdown" */ = {
			isa = XCConfigurationList;
			buildConfigurations = (
				E61D3B402AA4933200396588 /* Debug */,
				E61D3B412AA4933200396588 /* Release */,
			);
			defaultConfigurationIsVisible = 0;
			defaultConfigurationName = Release;
		};
		E61D3B422AA4933200396588 /* Build configuration list for PBXNativeTarget "Touchdown" */ = {
			isa = XCConfigurationList;
			buildConfigurations = (
				E61D3B432AA4933200396588 /* Debug */,
				E61D3B442AA4933200396588 /* Release */,
			);
			defaultConfigurationIsVisible = 0;
			defaultConfigurationName = Release;
		};
/* End XCConfigurationList section */
	};
	rootObject = E61D3B2C2AA4933000396588 /* Project object */;
}
